
Microsoft Visual Studio Solution File, Format Version 12.00
# Visual Studio Version 17
VisualStudioVersion = 17.2.32630.192
MinimumVisualStudioVersion = 10.0.40219.1
Project("{FAE04EC0-301F-11D3-BF4B-00C04F79EFBC}") = "ITest", "ITest\ITest.csproj", "{49539DA5-4A8B-4AFB-998C-93F2E2B89154}"
EndProject
Project("{FAE04EC0-301F-11D3-BF4B-00C04F79EFBC}") = "ClientPerson", "ClientPerson\ClientPerson.csproj", "{AF92D022-1783-4184-8EC8-9A90671FF3D9}"
	ProjectSection(ProjectDependencies) = postProject
		{49539DA5-4A8B-4AFB-998C-93F2E2B89154} = {49539DA5-4A8B-4AFB-998C-93F2E2B89154}
	EndProjectSection
EndProject
Global
	GlobalSection(SolutionConfigurationPlatforms) = preSolution
		Debug|Any CPU = Debug|Any CPU
		Release|Any CPU = Release|Any CPU
	EndGlobalSection
	GlobalSection(ProjectConfigurationPlatforms) = postSolution
		{49539DA5-4A8B-4AFB-998C-93F2E2B89154}.Debug|Any CPU.ActiveCfg = Debug|Any CPU
		{49539DA5-4A8B-4AFB-998C-93F2E2B89154}.Debug|Any CPU.Build.0 = Debug|Any CPU
		{49539DA5-4A8B-4AFB-998C-93F2E2B89154}.Release|Any CPU.ActiveCfg = Release|Any CPU
		{49539DA5-4A8B-4AFB-998C-93F2E2B89154}.Release|Any CPU.Build.0 = Release|Any CPU
		{AF92D022-1783-4184-8EC8-9A90671FF3D9}.Debug|Any CPU.ActiveCfg = Debug|Any CPU
		{AF92D022-1783-4184-8EC8-9A90671FF3D9}.Debug|Any CPU.Build.0 = Debug|Any CPU
		{AF92D022-1783-4184-8EC8-9A90671FF3D9}.Release|Any CPU.ActiveCfg = Release|Any CPU
		{AF92D022-1783-4184-8EC8-9A90671FF3D9}.Release|Any CPU.Build.0 = Release|Any CPU
	EndGlobalSection
	GlobalSection(SolutionProperties) = preSolution
		HideSolutionNode = FALSE
	EndGlobalSection
	GlobalSection(ExtensibilityGlobals) = postSolution
		SolutionGuid = {10FD49A4-4903-4530-BC00-6EAF0E446330}
	EndGlobalSection
EndGlobal
